
Microsoft Visual Studio Solution File, Format Version 12.00
# Visual Studio Version 17
VisualStudioVersion = 17.8.34330.188
MinimumVisualStudioVersion = 10.0.40219.1
Project("{FAE04EC0-301F-11D3-BF4B-00C04F79EFBC}") = "Disk", "Disk.csproj", "{278A7928-5075-43AC-8564-1032D412906C}"
EndProject
Global
	GlobalSection(SolutionConfigurationPlatforms) = preSolution
		Debug|Any CPU = Debug|Any CPU
		Release|Any CPU = Release|Any CPU
	EndGlobalSection
	GlobalSection(ProjectConfigurationPlatforms) = postSolution
		{278A7928-5075-43AC-8564-1032D412906C}.Debug|Any CPU.ActiveCfg = Debug|Any CPU
		{278A7928-5075-43AC-8564-1032D412906C}.Debug|Any CPU.Build.0 = Debug|Any CPU
		{278A7928-5075-43AC-8564-1032D412906C}.Release|Any CPU.ActiveCfg = Release|Any CPU
		{278A7928-5075-43AC-8564-1032D412906C}.Release|Any CPU.Build.0 = Release|Any CPU
	EndGlobalSection
	GlobalSection(SolutionProperties) = preSolution
		HideSolutionNode = FALSE
	EndGlobalSection
	GlobalSection(ExtensibilityGlobals) = postSolution
		SolutionGuid = {5693EC26-59C2-4CC4-8DE8-AF4E8280333B}
	EndGlobalSection
EndGlobal
